
Microsoft Visual Studio Solution File, Format Version 12.00
# Visual Studio Version 16
VisualStudioVersion = 16.0.32802.440
MinimumVisualStudioVersion = 10.0.40219.1
Project("{888888A0-9F3D-457C-B088-3A5042F75D52}") = "Music_Maker", "Music_Maker.pyproj", "{E169F55D-7F7C-4E69-A071-56E87901C07F}"
EndProject
Global
	GlobalSection(SolutionConfigurationPlatforms) = preSolution
		Debug|Any CPU = Debug|Any CPU
		Release|Any CPU = Release|Any CPU
	EndGlobalSection
	GlobalSection(ProjectConfigurationPlatforms) = postSolution
		{E169F55D-7F7C-4E69-A071-56E87901C07F}.Debug|Any CPU.ActiveCfg = Debug|Any CPU
		{E169F55D-7F7C-4E69-A071-56E87901C07F}.Release|Any CPU.ActiveCfg = Release|Any CPU
	EndGlobalSection
	GlobalSection(SolutionProperties) = preSolution
		HideSolutionNode = FALSE
	EndGlobalSection
	GlobalSection(ExtensibilityGlobals) = postSolution
		SolutionGuid = {642E3BC6-44E4-4DF6-A53A-A673770BE309}
	EndGlobalSection
EndGlobal
